
Microsoft Visual Studio Solution File, Format Version 12.00
# Visual Studio Version 16
VisualStudioVersion = 16.0.29709.97
MinimumVisualStudioVersion = 10.0.40219.1
Project("{FAE04EC0-301F-11D3-BF4B-00C04F79EFBC}") = "LabSheet1", "LabSheet1\LabSheet1.csproj", "{3002E62F-0A49-405A-999D-216BD6D5FA86}"
EndProject
Global
	GlobalSection(SolutionConfigurationPlatforms) = preSolution
		Debug|Any CPU = Debug|Any CPU
		Release|Any CPU = Release|Any CPU
	EndGlobalSection
	GlobalSection(ProjectConfigurationPlatforms) = postSolution
		{3002E62F-0A49-405A-999D-216BD6D5FA86}.Debug|Any CPU.ActiveCfg = Debug|Any CPU
		{3002E62F-0A49-405A-999D-216BD6D5FA86}.Debug|Any CPU.Build.0 = Debug|Any CPU
		{3002E62F-0A49-405A-999D-216BD6D5FA86}.Release|Any CPU.ActiveCfg = Release|Any CPU
		{3002E62F-0A49-405A-999D-216BD6D5FA86}.Release|Any CPU.Build.0 = Release|Any CPU
	EndGlobalSection
	GlobalSection(SolutionProperties) = preSolution
		HideSolutionNode = FALSE
	EndGlobalSection
	GlobalSection(ExtensibilityGlobals) = postSolution
		SolutionGuid = {7194C58F-EA90-40D1-81B5-741D7C0485AE}
	EndGlobalSection
EndGlobal
